
Microsoft Visual Studio Solution File, Format Version 12.00
Project("{FAE04EC0-301F-11D3-BF4B-00C04F79EFBC}") = "AdventOfCode2025", "AdventOfCode2025\AdventOfCode2025.csproj", "{257B58CE-EB2A-40E0-A92A-89703B67BCA3}"
EndProject
Project("{FAE04EC0-301F-11D3-BF4B-00C04F79EFBC}") = "AdventOfCode2025.Tests", "AdventOfCode2025.Tests\AdventOfCode2025.Tests.csproj", "{54D18768-DC27-41C5-ADEA-40E8D1A47B1C}"
EndProject
Global
	GlobalSection(SolutionConfigurationPlatforms) = preSolution
		Debug|Any CPU = Debug|Any CPU
		Release|Any CPU = Release|Any CPU
	EndGlobalSection
	GlobalSection(ProjectConfigurationPlatforms) = postSolution
		{257B58CE-EB2A-40E0-A92A-89703B67BCA3}.Debug|Any CPU.ActiveCfg = Debug|Any CPU
		{257B58CE-EB2A-40E0-A92A-89703B67BCA3}.Debug|Any CPU.Build.0 = Debug|Any CPU
		{257B58CE-EB2A-40E0-A92A-89703B67BCA3}.Release|Any CPU.ActiveCfg = Release|Any CPU
		{257B58CE-EB2A-40E0-A92A-89703B67BCA3}.Release|Any CPU.Build.0 = Release|Any CPU
		{54D18768-DC27-41C5-ADEA-40E8D1A47B1C}.Debug|Any CPU.ActiveCfg = Debug|Any CPU
		{54D18768-DC27-41C5-ADEA-40E8D1A47B1C}.Debug|Any CPU.Build.0 = Debug|Any CPU
		{54D18768-DC27-41C5-ADEA-40E8D1A47B1C}.Release|Any CPU.ActiveCfg = Release|Any CPU
		{54D18768-DC27-41C5-ADEA-40E8D1A47B1C}.Release|Any CPU.Build.0 = Release|Any CPU
	EndGlobalSection
EndGlobal
